
Microsoft Visual Studio Solution File, Format Version 12.00
# Visual Studio Version 17
VisualStudioVersion = 17.4.33205.214
MinimumVisualStudioVersion = 10.0.40219.1
Project("{FAE04EC0-301F-11D3-BF4B-00C04F79EFBC}") = "RomanNumbersCalculator", "RomanNumbersCalculator\RomanNumbersCalculator.csproj", "{AB45A028-9A30-4257-8974-B608ED25C357}"
EndProject
Global
	GlobalSection(SolutionConfigurationPlatforms) = preSolution
		Debug|Any CPU = Debug|Any CPU
		Release|Any CPU = Release|Any CPU
	EndGlobalSection
	GlobalSection(ProjectConfigurationPlatforms) = postSolution
		{AB45A028-9A30-4257-8974-B608ED25C357}.Debug|Any CPU.ActiveCfg = Debug|Any CPU
		{AB45A028-9A30-4257-8974-B608ED25C357}.Debug|Any CPU.Build.0 = Debug|Any CPU
		{AB45A028-9A30-4257-8974-B608ED25C357}.Release|Any CPU.ActiveCfg = Release|Any CPU
		{AB45A028-9A30-4257-8974-B608ED25C357}.Release|Any CPU.Build.0 = Release|Any CPU
	EndGlobalSection
	GlobalSection(SolutionProperties) = preSolution
		HideSolutionNode = FALSE
	EndGlobalSection
	GlobalSection(ExtensibilityGlobals) = postSolution
		SolutionGuid = {3EB93670-928E-4FEB-9364-588295469CA3}
	EndGlobalSection
EndGlobal
